// !$*UTF8*$!
{
	archiveVersion = 1;
	classes = {
	};
	objectVersion = 48;
	objects = {

/* Begin PBXBuildFile section */
		CC83B33B2010458900E3DDED /* AppDelegate.m in Sources */ = {isa = PBXBuildFile; fileRef = CC83B33A2010458900E3DDED /* AppDelegate.m */; };
		CC83B33E2010458900E3DDED /* ViewController.m in Sources */ = {isa = PBXBuildFile; fileRef = CC83B33D2010458900E3DDED /* ViewController.m */; };
		CC83B3412010458900E3DDED /* Main.storyboard in Resources */ = {isa = PBXBuildFile; fileRef = CC83B33F2010458900E3DDED /* Main.storyboard */; };
		CC83B3432010458900E3DDED /* Assets.xcassets in Resources */ = {isa = PBXBuildFile; fileRef = CC83B3422010458900E3DDED /* Assets.xcassets */; };
		CC83B3462010458900E3DDED /* LaunchScreen.storyboard in Resources */ = {isa = PBXBuildFile; fileRef = CC83B3442010458900E3DDED /* LaunchScreen.storyboard */; };
		CC83B3492010458900E3DDED /* main.m in Sources */ = {isa = PBXBuildFile; fileRef = CC83B3482010458900E3DDED /* main.m */; };
		CC83B354201045AD00E3DDED /* EYWaterflowView.m in Sources */ = {isa = PBXBuildFile; fileRef = CC83B350201045AD00E3DDED /* EYWaterflowView.m */; };
		CC83B355201045AD00E3DDED /* EYWaterflowViewCell.m in Sources */ = {isa = PBXBuildFile; fileRef = CC83B351201045AD00E3DDED /* EYWaterflowViewCell.m */; };
/* End PBXBuildFile section */

/* Begin PBXFileReference section */
		CC83B3362010458900E3DDED /* WaterflowDemo.app */ = {isa = PBXFileReference; explicitFileType = wrapper.application; includeInIndex = 0; path = WaterflowDemo.app; sourceTree = BUILT_PRODUCTS_DIR; };
		CC83B3392010458900E3DDED /* AppDelegate.h */ = {isa = PBXFileReference; lastKnownFileType = sourcecode.c.h; path = AppDelegate.h; sourceTree = "<group>"; };
		CC83B33A2010458900E3DDED /* AppDelegate.m */ = {isa = PBXFileReference; lastKnownFileType = sourcecode.c.objc; path = AppDelegate.m; sourceTree = "<group>"; };
		CC83B33C2010458900E3DDED /* ViewController.h */ = {isa = PBXFileReference; lastKnownFileType = sourcecode.c.h; path = ViewController.h; sourceTree = "<group>"; };
		CC83B33D2010458900E3DDED /* ViewController.m */ = {isa = PBXFileReference; lastKnownFileType = sourcecode.c.objc; path = ViewController.m; sourceTree = "<group>"; };
		CC83B3402010458900E3DDED /* Base */ = {isa = PBXFileReference; lastKnownFileType = file.storyboard; name = Base; path = Base.lproj/Main.storyboard; sourceTree = "<group>"; };
		CC83B3422010458900E3DDED /* Assets.xcassets */ = {isa = PBXFileReference; lastKnownFileType = folder.assetcatalog; path = Assets.xcassets; sourceTree = "<group>"; };
		CC83B3452010458900E3DDED /* Base */ = {isa = PBXFileReference; lastKnownFileType = file.storyboard; name = Base; path = Base.lproj/LaunchScreen.storyboard; sourceTree = "<group>"; };
		CC83B3472010458900E3DDED /* Info.plist */ = {isa = PBXFileReference; lastKnownFileType = text.plist.xml; path = Info.plist; sourceTree = "<group>"; };
		CC83B3482010458900E3DDED /* main.m */ = {isa = PBXFileReference; lastKnownFileType = sourcecode.c.objc; path = main.m; sourceTree = "<group>"; };
		CC83B350201045AD00E3DDED /* EYWaterflowView.m */ = {isa = PBXFileReference; fileEncoding = 4; lastKnownFileType = sourcecode.c.objc; path = EYWaterflowView.m; sourceTree = "<group>"; };
		CC83B351201045AD00E3DDED /* EYWaterflowViewCell.m */ = {isa = PBXFileReference; fileEncoding = 4; lastKnownFileType = sourcecode.c.objc; path = EYWaterflowViewCell.m; sourceTree = "<group>"; };
		CC83B352201045AD00E3DDED /* EYWaterflowView.h */ = {isa = PBXFileReference; fileEncoding = 4; lastKnownFileType = sourcecode.c.h; path = EYWaterflowView.h; sourceTree = "<group>"; };
		CC83B353201045AD00E3DDED /* EYWaterflowViewCell.h */ = {isa = PBXFileReference; fileEncoding = 4; lastKnownFileType = sourcecode.c.h; path = EYWaterflowViewCell.h; sourceTree = "<group>"; };
/* End PBXFileReference section */

/* Begin PBXFrameworksBuildPhase section */
		CC83B3332010458900E3DDED /* Frameworks */ = {
			isa = PBXFrameworksBuildPhase;
			buildActionMask = 2147483647;
			files = (
			);
			runOnlyForDeploymentPostprocessing = 0;
		};
/* End PBXFrameworksBuildPhase section */

/* Begin PBXGroup section */
		CC83B32D2010458900E3DDED = {
			isa = PBXGroup;
			children = (
				CC83B3382010458900E3DDED /* WaterflowDemo */,
				CC83B3372010458900E3DDED /* Products */,
			);
			sourceTree = "<group>";
		};
		CC83B3372010458900E3DDED /* Products */ = {
			isa = PBXGroup;
			children = (
				CC83B3362010458900E3DDED /* WaterflowDemo.app */,
			);
			name = Products;
			sourceTree = "<group>";
		};
		CC83B3382010458900E3DDED /* WaterflowDemo */ = {
			isa = PBXGroup;
			children = (
				CC83B34F201045AD00E3DDED /* EYWaterflow */,
				CC83B3392010458900E3DDED /* AppDelegate.h */,
				CC83B33A2010458900E3DDED /* AppDelegate.m */,
				CC83B33C2010458900E3DDED /* ViewController.h */,
				CC83B33D2010458900E3DDED /* ViewController.m */,
				CC83B33F2010458900E3DDED /* Main.storyboard */,
				CC83B3422010458900E3DDED /* Assets.xcassets */,
				CC83B3442010458900E3DDED /* LaunchScreen.storyboard */,
				CC83B3472010458900E3DDED /* Info.plist */,
				CC83B3482010458900E3DDED /* main.m */,
			);
			path = WaterflowDemo;
			sourceTree = "<group>";
		};
		CC83B34F201045AD00E3DDED /* EYWaterflow */ = {
			isa = PBXGroup;
			children = (
				CC83B352201045AD00E3DDED /* EYWaterflowView.h */,
				CC83B350201045AD00E3DDED /* EYWaterflowView.m */,
				CC83B353201045AD00E3DDED /* EYWaterflowViewCell.h */,
				CC83B351201045AD00E3DDED /* EYWaterflowViewCell.m */,
			);
			path = EYWaterflow;
			sourceTree = "<group>";
		};
/* End PBXGroup section */

/* Begin PBXNativeTarget section */
		CC83B3352010458900E3DDED /* WaterflowDemo */ = {
			isa = PBXNativeTarget;
			buildConfigurationList = CC83B34C2010458900E3DDED /* Build configuration list for PBXNativeTarget "WaterflowDemo" */;
			buildPhases = (
				CC83B3322010458900E3DDED /* Sources */,
				CC83B3332010458900E3DDED /* Frameworks */,
				CC83B3342010458900E3DDED /* Resources */,
			);
			buildRules = (
			);
			dependencies = (
			);
			name = WaterflowDemo;
			productName = WaterflowDemo;
			productReference = CC83B3362010458900E3DDED /* WaterflowDemo.app */;
			productType = "com.apple.product-type.application";
		};
/* End PBXNativeTarget section */

/* Begin PBXProject section */
		CC83B32E2010458900E3DDED /* Project object */ = {
			isa = PBXProject;
			attributes = {
				LastUpgradeCheck = 0920;
				ORGANIZATIONNAME = cn.com.eastsoft.www;
				TargetAttributes = {
					CC83B3352010458900E3DDED = {
						CreatedOnToolsVersion = 9.2;
						ProvisioningStyle = Automatic;
					};
				};
			};
			buildConfigurationList = CC83B3312010458900E3DDED /* Build configuration list for PBXProject "WaterflowDemo" */;
			compatibilityVersion = "Xcode 8.0";
			developmentRegion = en;
			hasScannedForEncodings = 0;
			knownRegions = (
				en,
				Base,
			);
			mainGroup = CC83B32D2010458900E3DDED;
			productRefGroup = CC83B3372010458900E3DDED /* Products */;
			projectDirPath = "";
			projectRoot = "";
			targets = (
				CC83B3352010458900E3DDED /* WaterflowDemo */,
			);
		};
/* End PBXProject section */

/* Begin PBXResourcesBuildPhase section */
		CC83B3342010458900E3DDED /* Resources */ = {
			isa = PBXResourcesBuildPhase;
			buildActionMask = 2147483647;
			files = (
				CC83B3462010458900E3DDED /* LaunchScreen.storyboard in Resources */,
				CC83B3432010458900E3DDED /* Assets.xcassets in Resources */,
				CC83B3412010458900E3DDED /* Main.storyboard in Resources */,
			);
			runOnlyForDeploymentPostprocessing = 0;
		};
/* End PBXResourcesBuildPhase section */

/* Begin PBXSourcesBuildPhase section */
		CC83B3322010458900E3DDED /* Sources */ = {
			isa = PBXSourcesBuildPhase;
			buildActionMask = 2147483647;
			files = (
				CC83B354201045AD00E3DDED /* EYWaterflowView.m in Sources */,
				CC83B355201045AD00E3DDED /* EYWaterflowViewCell.m in Sources */,
				CC83B33E2010458900E3DDED /* ViewController.m in Sources */,
				CC83B3492010458900E3DDED /* main.m in Sources */,
				CC83B33B2010458900E3DDED /* AppDelegate.m in Sources */,
			);
			runOnlyForDeploymentPostprocessing = 0;
		};
/* End PBXSourcesBuildPhase section */

/* Begin PBXVariantGroup section */
		CC83B33F2010458900E3DDED /* Main.storyboard */ = {
			isa = PBXVariantGroup;
			children = (
				CC83B3402010458900E3DDED /* Base */,
			);
			name = Main.storyboard;
			sourceTree = "<group>";
		};
		CC83B3442010458900E3DDED /* LaunchScreen.storyboard */ = {
			isa = PBXVariantGroup;
			children = (
				CC83B3452010458900E3DDED /* Base */,
			);
			name = LaunchScreen.storyboard;
			sourceTree = "<group>";
		};
/* End PBXVariantGroup section */

/* Begin XCBuildConfiguration section */
		CC83B34A2010458900E3DDED /* Debug */ = {
			isa = XCBuildConfiguration;
			buildSettings = {
				ALWAYS_SEARCH_USER_PATHS = NO;
				CLANG_ANALYZER_NONNULL = YES;
				CLANG_ANALYZER_NUMBER_OBJECT_CONVERSION = YES_AGGRESSIVE;
				CLANG_CXX_LANGUAGE_STANDARD = "gnu++14";
				CLANG_CXX_LIBRARY = "libc++";
				CLANG_ENABLE_MODULES = YES;
				CLANG_ENABLE_OBJC_ARC = YES;
				CLANG_WARN_BLOCK_CAPTURE_AUTORELEASING = YES;
				CLANG_WARN_BOOL_CONVERSION = YES;
				CLANG_WARN_COMMA = YES;
				CLANG_WARN_CONSTANT_CONVERSION = YES;
				CLANG_WARN_DIRECT_OBJC_ISA_USAGE = YES_ERROR;
				CLANG_WARN_DOCUMENTATION_COMMENTS = YES;
				CLANG_WARN_EMPTY_BODY = YES;
				CLANG_WARN_ENUM_CONVERSION = YES;
				CLANG_WARN_INFINITE_RECURSION = YES;
				CLANG_WARN_INT_CONVERSION = YES;
				CLANG_WARN_NON_LITERAL_NULL_CONVERSION = YES;
				CLANG_WARN_OBJC_LITERAL_CONVERSION = YES;
				CLANG_WARN_OBJC_ROOT_CLASS = YES_ERROR;
				CLANG_WARN_RANGE_LOOP_ANALYSIS = YES;
				CLANG_WARN_STRICT_PROTOTYPES = YES;
				CLANG_WARN_SUSPICIOUS_MOVE = YES;
				CLANG_WARN_UNGUARDED_AVAILABILITY = YES_AGGRESSIVE;
				CLANG_WARN_UNREACHABLE_CODE = YES;
				CLANG_WARN__DUPLICATE_METHOD_MATCH = YES;
				CODE_SIGN_IDENTITY = "iPhone Developer";
				COPY_PHASE_STRIP = NO;
				DEBUG_INFORMATION_FORMAT = dwarf;
				ENABLE_STRICT_OBJC_MSGSEND = YES;
				ENABLE_TESTABILITY = YES;
				GCC_C_LANGUAGE_STANDARD = gnu11;
				GCC_DYNAMIC_NO_PIC = NO;
				GCC_NO_COMMON_BLOCKS = YES;
				GCC_OPTIMIZATION_LEVEL = 0;
				GCC_PREPROCESSOR_DEFINITIONS = (
					"DEBUG=1",
					"$(inherited)",
				);
				GCC_WARN_64_TO_32_BIT_CONVERSION = YES;
				GCC_WARN_ABOUT_RETURN_TYPE = YES_ERROR;
				GCC_WARN_UNDECLARED_SELECTOR = YES;
				GCC_WARN_UNINITIALIZED_AUTOS = YES_AGGRESSIVE;
				GCC_WARN_UNUSED_FUNCTION = YES;
				GCC_WARN_UNUSED_VARIABLE = YES;
				IPHONEOS_DEPLOYMENT_TARGET = 11.2;
				MTL_ENABLE_DEBUG_INFO = YES;
				ONLY_ACTIVE_ARCH = YES;
				SDKROOT = iphoneos;
			};
			name = Debug;
		};
		CC83B34B2010458900E3DDED /* Release */ = {
			isa = XCBuildConfiguration;
			buildSettings = {
				ALWAYS_SEARCH_USER_PATHS = NO;
				CLANG_ANALYZER_NONNULL = YES;
				CLANG_ANALYZER_NUMBER_OBJECT_CONVERSION = YES_AGGRESSIVE;
				CLANG_CXX_LANGUAGE_STANDARD = "gnu++14";
				CLANG_CXX_LIBRARY = "libc++";
				CLANG_ENABLE_MODULES = YES;
				CLANG_ENABLE_OBJC_ARC = YES;
				CLANG_WARN_BLOCK_CAPTURE_AUTORELEASING = YES;
				CLANG_WARN_BOOL_CONVERSION = YES;
				CLANG_WARN_COMMA = YES;
				CLANG_WARN_CONSTANT_CONVERSION = YES;
				CLANG_WARN_DIRECT_OBJC_ISA_USAGE = YES_ERROR;
				CLANG_WARN_DOCUMENTATION_COMMENTS = YES;
				CLANG_WARN_EMPTY_BODY = YES;
				CLANG_WARN_ENUM_CONVERSION = YES;
				CLANG_WARN_INFINITE_RECURSION = YES;
				CLANG_WARN_INT_CONVERSION = YES;
				CLANG_WARN_NON_LITERAL_NULL_CONVERSION = YES;
				CLANG_WARN_OBJC_LITERAL_CONVERSION = YES;
				CLANG_WARN_OBJC_ROOT_CLASS = YES_ERROR;
				CLANG_WARN_RANGE_LOOP_ANALYSIS = YES;
				CLANG_WARN_STRICT_PROTOTYPES = YES;
				CLANG_WARN_SUSPICIOUS_MOVE = YES;
				CLANG_WARN_UNGUARDED_AVAILABILITY = YES_AGGRESSIVE;
				CLANG_WARN_UNREACHABLE_CODE = YES;
				CLANG_WARN__DUPLICATE_METHOD_MATCH = YES;
				CODE_SIGN_IDENTITY = "iPhone Developer";
				COPY_PHASE_STRIP = NO;
				DEBUG_INFORMATION_FORMAT = "dwarf-with-dsym";
				ENABLE_NS_ASSERTIONS = NO;
				ENABLE_STRICT_OBJC_MSGSEND = YES;
				GCC_C_LANGUAGE_STANDARD = gnu11;
				GCC_NO_COMMON_BLOCKS = YES;
				GCC_WARN_64_TO_32_BIT_CONVERSION = YES;
				GCC_WARN_ABOUT_RETURN_TYPE = YES_ERROR;
				GCC_WARN_UNDECLARED_SELECTOR = YES;
				GCC_WARN_UNINITIALIZED_AUTOS = YES_AGGRESSIVE;
				GCC_WARN_UNUSED_FUNCTION = YES;
				GCC_WARN_UNUSED_VARIABLE = YES;
				IPHONEOS_DEPLOYMENT_TARGET = 11.2;
				MTL_ENABLE_DEBUG_INFO = NO;
				SDKROOT = iphoneos;
				VALIDATE_PRODUCT = YES;
			};
			name = Release;
		};
		CC83B34D2010458900E3DDED /* Debug */ = {
			isa = XCBuildConfiguration;
			buildSettings = {
				ASSETCATALOG_COMPILER_APPICON_NAME = AppIcon;
				CODE_SIGN_STYLE = Automatic;
				DEVELOPMENT_TEAM = VW4HM9QZFV;
				INFOPLIST_FILE = WaterflowDemo/Info.plist;
				LD_RUNPATH_SEARCH_PATHS = "$(inherited) @executable_path/Frameworks";
				PRODUCT_BUNDLE_IDENTIFIER = cn.com.eastsoft.www.WaterflowDemo;
				PRODUCT_NAME = "$(TARGET_NAME)";
				TARGETED_DEVICE_FAMILY = "1,2";
			};
			name = Debug;
		};
		CC83B34E2010458900E3DDED /* Release */ = {
			isa = XCBuildConfiguration;
			buildSettings = {
				ASSETCATALOG_COMPILER_APPICON_NAME = AppIcon;
				CODE_SIGN_STYLE = Automatic;
				DEVELOPMENT_TEAM = VW4HM9QZFV;
				INFOPLIST_FILE = WaterflowDemo/Info.plist;
				LD_RUNPATH_SEARCH_PATHS = "$(inherited) @executable_path/Frameworks";
				PRODUCT_BUNDLE_IDENTIFIER = cn.com.eastsoft.www.WaterflowDemo;
				PRODUCT_NAME = "$(TARGET_NAME)";
				TARGETED_DEVICE_FAMILY = "1,2";
			};
			name = Release;
		};
/* End XCBuildConfiguration section */

/* Begin XCConfigurationList section */
		CC83B3312010458900E3DDED /* Build configuration list for PBXProject "WaterflowDemo" */ = {
			isa = XCConfigurationList;
			buildConfigurations = (
				CC83B34A2010458900E3DDED /* Debug */,
				CC83B34B2010458900E3DDED /* Release */,
			);
			defaultConfigurationIsVisible = 0;
			defaultConfigurationName = Release;
		};
		CC83B34C2010458900E3DDED /* Build configuration list for PBXNativeTarget "WaterflowDemo" */ = {
			isa = XCConfigurationList;
			buildConfigurations = (
				CC83B34D2010458900E3DDED /* Debug */,
				CC83B34E2010458900E3DDED /* Release */,
			);
			defaultConfigurationIsVisible = 0;
			defaultConfigurationName = Release;
		};
/* End XCConfigurationList section */
	};
	rootObject = CC83B32E2010458900E3DDED /* Project object */;
}
